
Microsoft Visual Studio Solution File, Format Version 12.00
# Visual Studio Version 16
VisualStudioVersion = 16.0.30011.22
MinimumVisualStudioVersion = 10.0.40219.1
Project("{FAE04EC0-301F-11D3-BF4B-00C04F79EFBC}") = "JuliusCaesarCryptographyChallengeCodenation", "JuliusCaesarCryptographyChallengeCodenation\JuliusCaesarCryptographyChallengeCodenation.csproj", "{21311B29-51C5-4EB0-B6D1-7053B0367883}"
EndProject
Global
	GlobalSection(SolutionConfigurationPlatforms) = preSolution
		Debug|Any CPU = Debug|Any CPU
		Release|Any CPU = Release|Any CPU
	EndGlobalSection
	GlobalSection(ProjectConfigurationPlatforms) = postSolution
		{21311B29-51C5-4EB0-B6D1-7053B0367883}.Debug|Any CPU.ActiveCfg = Debug|Any CPU
		{21311B29-51C5-4EB0-B6D1-7053B0367883}.Debug|Any CPU.Build.0 = Debug|Any CPU
		{21311B29-51C5-4EB0-B6D1-7053B0367883}.Release|Any CPU.ActiveCfg = Release|Any CPU
		{21311B29-51C5-4EB0-B6D1-7053B0367883}.Release|Any CPU.Build.0 = Release|Any CPU
	EndGlobalSection
	GlobalSection(SolutionProperties) = preSolution
		HideSolutionNode = FALSE
	EndGlobalSection
	GlobalSection(ExtensibilityGlobals) = postSolution
		SolutionGuid = {BDE04F4B-2288-4A82-A30E-075DA8289998}
	EndGlobalSection
EndGlobal
